// !$*UTF8*$!
{
	archiveVersion = 1;
	classes = {
	};
	objectVersion = 46;
	objects = {

/* Begin PBXBuildFile section */
		B00B8ACD1B360A1B006DBF17 /* AppDelegate.swift in Sources */ = {isa = PBXBuildFile; fileRef = B00B8ACC1B360A1B006DBF17 /* AppDelegate.swift */; };
		B00B8ACF1B360A1B006DBF17 /* GameScene.sks in Resources */ = {isa = PBXBuildFile; fileRef = B00B8ACE1B360A1B006DBF17 /* GameScene.sks */; };
		B00B8AD11B360A1B006DBF17 /* GameScene.swift in Sources */ = {isa = PBXBuildFile; fileRef = B00B8AD01B360A1B006DBF17 /* GameScene.swift */; };
		B00B8AD31B360A1B006DBF17 /* GameViewController.swift in Sources */ = {isa = PBXBuildFile; fileRef = B00B8AD21B360A1B006DBF17 /* GameViewController.swift */; };
		B00B8AD61B360A1B006DBF17 /* Main.storyboard in Resources */ = {isa = PBXBuildFile; fileRef = B00B8AD41B360A1B006DBF17 /* Main.storyboard */; };
		B00B8AD81B360A1C006DBF17 /* Images.xcassets in Resources */ = {isa = PBXBuildFile; fileRef = B00B8AD71B360A1C006DBF17 /* Images.xcassets */; };
		B00B8ADB1B360A1C006DBF17 /* LaunchScreen.xib in Resources */ = {isa = PBXBuildFile; fileRef = B00B8AD91B360A1C006DBF17 /* LaunchScreen.xib */; };
		B00B8AE71B360A1C006DBF17 /* First_SpriteKit_GameTests.swift in Sources */ = {isa = PBXBuildFile; fileRef = B00B8AE61B360A1C006DBF17 /* First_SpriteKit_GameTests.swift */; };
/* End PBXBuildFile section */

/* Begin PBXContainerItemProxy section */
		B00B8AE11B360A1C006DBF17 /* PBXContainerItemProxy */ = {
			isa = PBXContainerItemProxy;
			containerPortal = B00B8ABF1B360A1B006DBF17 /* Project object */;
			proxyType = 1;
			remoteGlobalIDString = B00B8AC61B360A1B006DBF17;
			remoteInfo = First_SpriteKit_Game;
		};
/* End PBXContainerItemProxy section */

/* Begin PBXFileReference section */
		B00B8AC71B360A1B006DBF17 /* First_SpriteKit_Game.app */ = {isa = PBXFileReference; explicitFileType = wrapper.application; includeInIndex = 0; path = First_SpriteKit_Game.app; sourceTree = BUILT_PRODUCTS_DIR; };
		B00B8ACB1B360A1B006DBF17 /* Info.plist */ = {isa = PBXFileReference; lastKnownFileType = text.plist.xml; path = Info.plist; sourceTree = "<group>"; };
		B00B8ACC1B360A1B006DBF17 /* AppDelegate.swift */ = {isa = PBXFileReference; lastKnownFileType = sourcecode.swift; path = AppDelegate.swift; sourceTree = "<group>"; };
		B00B8ACE1B360A1B006DBF17 /* GameScene.sks */ = {isa = PBXFileReference; lastKnownFileType = file.sks; path = GameScene.sks; sourceTree = "<group>"; };
		B00B8AD01B360A1B006DBF17 /* GameScene.swift */ = {isa = PBXFileReference; lastKnownFileType = sourcecode.swift; path = GameScene.swift; sourceTree = "<group>"; };
		B00B8AD21B360A1B006DBF17 /* GameViewController.swift */ = {isa = PBXFileReference; lastKnownFileType = sourcecode.swift; path = GameViewController.swift; sourceTree = "<group>"; };
		B00B8AD51B360A1B006DBF17 /* Base */ = {isa = PBXFileReference; lastKnownFileType = file.storyboard; name = Base; path = Base.lproj/Main.storyboard; sourceTree = "<group>"; };
		B00B8AD71B360A1C006DBF17 /* Images.xcassets */ = {isa = PBXFileReference; lastKnownFileType = folder.assetcatalog; path = Images.xcassets; sourceTree = "<group>"; };
		B00B8ADA1B360A1C006DBF17 /* Base */ = {isa = PBXFileReference; lastKnownFileType = file.xib; name = Base; path = Base.lproj/LaunchScreen.xib; sourceTree = "<group>"; };
		B00B8AE01B360A1C006DBF17 /* First_SpriteKit_GameTests.xctest */ = {isa = PBXFileReference; explicitFileType = wrapper.cfbundle; includeInIndex = 0; path = First_SpriteKit_GameTests.xctest; sourceTree = BUILT_PRODUCTS_DIR; };
		B00B8AE51B360A1C006DBF17 /* Info.plist */ = {isa = PBXFileReference; lastKnownFileType = text.plist.xml; path = Info.plist; sourceTree = "<group>"; };
		B00B8AE61B360A1C006DBF17 /* First_SpriteKit_GameTests.swift */ = {isa = PBXFileReference; lastKnownFileType = sourcecode.swift; path = First_SpriteKit_GameTests.swift; sourceTree = "<group>"; };
/* End PBXFileReference section */

/* Begin PBXFrameworksBuildPhase section */
		B00B8AC41B360A1B006DBF17 /* Frameworks */ = {
			isa = PBXFrameworksBuildPhase;
			buildActionMask = 2147483647;
			files = (
			);
			runOnlyForDeploymentPostprocessing = 0;
		};
		B00B8ADD1B360A1C006DBF17 /* Frameworks */ = {
			isa = PBXFrameworksBuildPhase;
			buildActionMask = 2147483647;
			files = (
			);
			runOnlyForDeploymentPostprocessing = 0;
		};
/* End PBXFrameworksBuildPhase section */

/* Begin PBXGroup section */
		B00B8ABE1B360A1B006DBF17 = {
			isa = PBXGroup;
			children = (
				B00B8AC91B360A1B006DBF17 /* First_SpriteKit_Game */,
				B00B8AE31B360A1C006DBF17 /* First_SpriteKit_GameTests */,
				B00B8AC81B360A1B006DBF17 /* Products */,
			);
			sourceTree = "<group>";
		};
		B00B8AC81B360A1B006DBF17 /* Products */ = {
			isa = PBXGroup;
			children = (
				B00B8AC71B360A1B006DBF17 /* First_SpriteKit_Game.app */,
				B00B8AE01B360A1C006DBF17 /* First_SpriteKit_GameTests.xctest */,
			);
			name = Products;
			sourceTree = "<group>";
		};
		B00B8AC91B360A1B006DBF17 /* First_SpriteKit_Game */ = {
			isa = PBXGroup;
			children = (
				B00B8ACC1B360A1B006DBF17 /* AppDelegate.swift */,
				B00B8ACE1B360A1B006DBF17 /* GameScene.sks */,
				B00B8AD01B360A1B006DBF17 /* GameScene.swift */,
				B00B8AD21B360A1B006DBF17 /* GameViewController.swift */,
				B00B8AD41B360A1B006DBF17 /* Main.storyboard */,
				B00B8AD71B360A1C006DBF17 /* Images.xcassets */,
				B00B8AD91B360A1C006DBF17 /* LaunchScreen.xib */,
				B00B8ACA1B360A1B006DBF17 /* Supporting Files */,
			);
			path = First_SpriteKit_Game;
			sourceTree = "<group>";
		};
		B00B8ACA1B360A1B006DBF17 /* Supporting Files */ = {
			isa = PBXGroup;
			children = (
				B00B8ACB1B360A1B006DBF17 /* Info.plist */,
			);
			name = "Supporting Files";
			sourceTree = "<group>";
		};
		B00B8AE31B360A1C006DBF17 /* First_SpriteKit_GameTests */ = {
			isa = PBXGroup;
			children = (
				B00B8AE61B360A1C006DBF17 /* First_SpriteKit_GameTests.swift */,
				B00B8AE41B360A1C006DBF17 /* Supporting Files */,
			);
			path = First_SpriteKit_GameTests;
			sourceTree = "<group>";
		};
		B00B8AE41B360A1C006DBF17 /* Supporting Files */ = {
			isa = PBXGroup;
			children = (
				B00B8AE51B360A1C006DBF17 /* Info.plist */,
			);
			name = "Supporting Files";
			sourceTree = "<group>";
		};
/* End PBXGroup section */

/* Begin PBXNativeTarget section */
		B00B8AC61B360A1B006DBF17 /* First_SpriteKit_Game */ = {
			isa = PBXNativeTarget;
			buildConfigurationList = B00B8AEA1B360A1C006DBF17 /* Build configuration list for PBXNativeTarget "First_SpriteKit_Game" */;
			buildPhases = (
				B00B8AC31B360A1B006DBF17 /* Sources */,
				B00B8AC41B360A1B006DBF17 /* Frameworks */,
				B00B8AC51B360A1B006DBF17 /* Resources */,
			);
			buildRules = (
			);
			dependencies = (
			);
			name = First_SpriteKit_Game;
			productName = First_SpriteKit_Game;
			productReference = B00B8AC71B360A1B006DBF17 /* First_SpriteKit_Game.app */;
			productType = "com.apple.product-type.application";
		};
		B00B8ADF1B360A1C006DBF17 /* First_SpriteKit_GameTests */ = {
			isa = PBXNativeTarget;
			buildConfigurationList = B00B8AED1B360A1C006DBF17 /* Build configuration list for PBXNativeTarget "First_SpriteKit_GameTests" */;
			buildPhases = (
				B00B8ADC1B360A1C006DBF17 /* Sources */,
				B00B8ADD1B360A1C006DBF17 /* Frameworks */,
				B00B8ADE1B360A1C006DBF17 /* Resources */,
			);
			buildRules = (
			);
			dependencies = (
				B00B8AE21B360A1C006DBF17 /* PBXTargetDependency */,
			);
			name = First_SpriteKit_GameTests;
			productName = First_SpriteKit_GameTests;
			productReference = B00B8AE01B360A1C006DBF17 /* First_SpriteKit_GameTests.xctest */;
			productType = "com.apple.product-type.bundle.unit-test";
		};
/* End PBXNativeTarget section */

/* Begin PBXProject section */
		B00B8ABF1B360A1B006DBF17 /* Project object */ = {
			isa = PBXProject;
			attributes = {
				LastUpgradeCheck = 0630;
				ORGANIZATIONNAME = "Jeffrey Lin";
				TargetAttributes = {
					B00B8AC61B360A1B006DBF17 = {
						CreatedOnToolsVersion = 6.3.2;
					};
					B00B8ADF1B360A1C006DBF17 = {
						CreatedOnToolsVersion = 6.3.2;
						TestTargetID = B00B8AC61B360A1B006DBF17;
					};
				};
			};
			buildConfigurationList = B00B8AC21B360A1B006DBF17 /* Build configuration list for PBXProject "First_SpriteKit_Game" */;
			compatibilityVersion = "Xcode 3.2";
			developmentRegion = English;
			hasScannedForEncodings = 0;
			knownRegions = (
				en,
				Base,
			);
			mainGroup = B00B8ABE1B360A1B006DBF17;
			productRefGroup = B00B8AC81B360A1B006DBF17 /* Products */;
			projectDirPath = "";
			projectRoot = "";
			targets = (
				B00B8AC61B360A1B006DBF17 /* First_SpriteKit_Game */,
				B00B8ADF1B360A1C006DBF17 /* First_SpriteKit_GameTests */,
			);
		};
/* End PBXProject section */

/* Begin PBXResourcesBuildPhase section */
		B00B8AC51B360A1B006DBF17 /* Resources */ = {
			isa = PBXResourcesBuildPhase;
			buildActionMask = 2147483647;
			files = (
				B00B8ADB1B360A1C006DBF17 /* LaunchScreen.xib in Resources */,
				B00B8AD81B360A1C006DBF17 /* Images.xcassets in Resources */,
				B00B8ACF1B360A1B006DBF17 /* GameScene.sks in Resources */,
				B00B8AD61B360A1B006DBF17 /* Main.storyboard in Resources */,
			);
			runOnlyForDeploymentPostprocessing = 0;
		};
		B00B8ADE1B360A1C006DBF17 /* Resources */ = {
			isa = PBXResourcesBuildPhase;
			buildActionMask = 2147483647;
			files = (
			);
			runOnlyForDeploymentPostprocessing = 0;
		};
/* End PBXResourcesBuildPhase section */

/* Begin PBXSourcesBuildPhase section */
		B00B8AC31B360A1B006DBF17 /* Sources */ = {
			isa = PBXSourcesBuildPhase;
			buildActionMask = 2147483647;
			files = (
				B00B8AD11B360A1B006DBF17 /* GameScene.swift in Sources */,
				B00B8AD31B360A1B006DBF17 /* GameViewController.swift in Sources */,
				B00B8ACD1B360A1B006DBF17 /* AppDelegate.swift in Sources */,
			);
			runOnlyForDeploymentPostprocessing = 0;
		};
		B00B8ADC1B360A1C006DBF17 /* Sources */ = {
			isa = PBXSourcesBuildPhase;
			buildActionMask = 2147483647;
			files = (
				B00B8AE71B360A1C006DBF17 /* First_SpriteKit_GameTests.swift in Sources */,
			);
			runOnlyForDeploymentPostprocessing = 0;
		};
/* End PBXSourcesBuildPhase section */

/* Begin PBXTargetDependency section */
		B00B8AE21B360A1C006DBF17 /* PBXTargetDependency */ = {
			isa = PBXTargetDependency;
			target = B00B8AC61B360A1B006DBF17 /* First_SpriteKit_Game */;
			targetProxy = B00B8AE11B360A1C006DBF17 /* PBXContainerItemProxy */;
		};
/* End PBXTargetDependency section */

/* Begin PBXVariantGroup section */
		B00B8AD41B360A1B006DBF17 /* Main.storyboard */ = {
			isa = PBXVariantGroup;
			children = (
				B00B8AD51B360A1B006DBF17 /* Base */,
			);
			name = Main.storyboard;
			sourceTree = "<group>";
		};
		B00B8AD91B360A1C006DBF17 /* LaunchScreen.xib */ = {
			isa = PBXVariantGroup;
			children = (
				B00B8ADA1B360A1C006DBF17 /* Base */,
			);
			name = LaunchScreen.xib;
			sourceTree = "<group>";
		};
/* End PBXVariantGroup section */

/* Begin XCBuildConfiguration section */
		B00B8AE81B360A1C006DBF17 /* Debug */ = {
			isa = XCBuildConfiguration;
			buildSettings = {
				ALWAYS_SEARCH_USER_PATHS = NO;
				CLANG_CXX_LANGUAGE_STANDARD = "gnu++0x";
				CLANG_CXX_LIBRARY = "libc++";
				CLANG_ENABLE_MODULES = YES;
				CLANG_ENABLE_OBJC_ARC = YES;
				CLANG_WARN_BOOL_CONVERSION = YES;
				CLANG_WARN_CONSTANT_CONVERSION = YES;
				CLANG_WARN_DIRECT_OBJC_ISA_USAGE = YES_ERROR;
				CLANG_WARN_EMPTY_BODY = YES;
				CLANG_WARN_ENUM_CONVERSION = YES;
				CLANG_WARN_INT_CONVERSION = YES;
				CLANG_WARN_OBJC_ROOT_CLASS = YES_ERROR;
				CLANG_WARN_UNREACHABLE_CODE = YES;
				CLANG_WARN__DUPLICATE_METHOD_MATCH = YES;
				"CODE_SIGN_IDENTITY[sdk=iphoneos*]" = "iPhone Developer";
				COPY_PHASE_STRIP = NO;
				DEBUG_INFORMATION_FORMAT = "dwarf-with-dsym";
				ENABLE_STRICT_OBJC_MSGSEND = YES;
				GCC_C_LANGUAGE_STANDARD = gnu99;
				GCC_DYNAMIC_NO_PIC = NO;
				GCC_NO_COMMON_BLOCKS = YES;
				GCC_OPTIMIZATION_LEVEL = 0;
				GCC_PREPROCESSOR_DEFINITIONS = (
					"DEBUG=1",
					"$(inherited)",
				);
				GCC_SYMBOLS_PRIVATE_EXTERN = NO;
				GCC_WARN_64_TO_32_BIT_CONVERSION = YES;
				GCC_WARN_ABOUT_RETURN_TYPE = YES_ERROR;
				GCC_WARN_UNDECLARED_SELECTOR = YES;
				GCC_WARN_UNINITIALIZED_AUTOS = YES_AGGRESSIVE;
				GCC_WARN_UNUSED_FUNCTION = YES;
				GCC_WARN_UNUSED_VARIABLE = YES;
				IPHONEOS_DEPLOYMENT_TARGET = 8.3;
				MTL_ENABLE_DEBUG_INFO = YES;
				ONLY_ACTIVE_ARCH = YES;
				SDKROOT = iphoneos;
				SWIFT_OPTIMIZATION_LEVEL = "-Onone";
				TARGETED_DEVICE_FAMILY = "1,2";
			};
			name = Debug;
		};
		B00B8AE91B360A1C006DBF17 /* Release */ = {
			isa = XCBuildConfiguration;
			buildSettings = {
				ALWAYS_SEARCH_USER_PATHS = NO;
				CLANG_CXX_LANGUAGE_STANDARD = "gnu++0x";
				CLANG_CXX_LIBRARY = "libc++";
				CLANG_ENABLE_MODULES = YES;
				CLANG_ENABLE_OBJC_ARC = YES;
				CLANG_WARN_BOOL_CONVERSION = YES;
				CLANG_WARN_CONSTANT_CONVERSION = YES;
				CLANG_WARN_DIRECT_OBJC_ISA_USAGE = YES_ERROR;
				CLANG_WARN_EMPTY_BODY = YES;
				CLANG_WARN_ENUM_CONVERSION = YES;
				CLANG_WARN_INT_CONVERSION = YES;
				CLANG_WARN_OBJC_ROOT_CLASS = YES_ERROR;
				CLANG_WARN_UNREACHABLE_CODE = YES;
				CLANG_WARN__DUPLICATE_METHOD_MATCH = YES;
				"CODE_SIGN_IDENTITY[sdk=iphoneos*]" = "iPhone Developer";
				COPY_PHASE_STRIP = NO;
				DEBUG_INFORMATION_FORMAT = "dwarf-with-dsym";
				ENABLE_NS_ASSERTIONS = NO;
				ENABLE_STRICT_OBJC_MSGSEND = YES;
				GCC_C_LANGUAGE_STANDARD = gnu99;
				GCC_NO_COMMON_BLOCKS = YES;
				GCC_WARN_64_TO_32_BIT_CONVERSION = YES;
				GCC_WARN_ABOUT_RETURN_TYPE = YES_ERROR;
				GCC_WARN_UNDECLARED_SELECTOR = YES;
				GCC_WARN_UNINITIALIZED_AUTOS = YES_AGGRESSIVE;
				GCC_WARN_UNUSED_FUNCTION = YES;
				GCC_WARN_UNUSED_VARIABLE = YES;
				IPHONEOS_DEPLOYMENT_TARGET = 8.3;
				MTL_ENABLE_DEBUG_INFO = NO;
				SDKROOT = iphoneos;
				TARGETED_DEVICE_FAMILY = "1,2";
				VALIDATE_PRODUCT = YES;
			};
			name = Release;
		};
		B00B8AEB1B360A1C006DBF17 /* Debug */ = {
			isa = XCBuildConfiguration;
			buildSettings = {
				ASSETCATALOG_COMPILER_APPICON_NAME = AppIcon;
				INFOPLIST_FILE = First_SpriteKit_Game/Info.plist;
				LD_RUNPATH_SEARCH_PATHS = "$(inherited) @executable_path/Frameworks";
				PRODUCT_NAME = "$(TARGET_NAME)";
			};
			name = Debug;
		};
		B00B8AEC1B360A1C006DBF17 /* Release */ = {
			isa = XCBuildConfiguration;
			buildSettings = {
				ASSETCATALOG_COMPILER_APPICON_NAME = AppIcon;
				INFOPLIST_FILE = First_SpriteKit_Game/Info.plist;
				LD_RUNPATH_SEARCH_PATHS = "$(inherited) @executable_path/Frameworks";
				PRODUCT_NAME = "$(TARGET_NAME)";
			};
			name = Release;
		};
		B00B8AEE1B360A1C006DBF17 /* Debug */ = {
			isa = XCBuildConfiguration;
			buildSettings = {
				BUNDLE_LOADER = "$(TEST_HOST)";
				FRAMEWORK_SEARCH_PATHS = (
					"$(SDKROOT)/Developer/Library/Frameworks",
					"$(inherited)",
				);
				GCC_PREPROCESSOR_DEFINITIONS = (
					"DEBUG=1",
					"$(inherited)",
				);
				INFOPLIST_FILE = First_SpriteKit_GameTests/Info.plist;
				LD_RUNPATH_SEARCH_PATHS = "$(inherited) @executable_path/Frameworks @loader_path/Frameworks";
				PRODUCT_NAME = "$(TARGET_NAME)";
				TEST_HOST = "$(BUILT_PRODUCTS_DIR)/First_SpriteKit_Game.app/First_SpriteKit_Game";
			};
			name = Debug;
		};
		B00B8AEF1B360A1C006DBF17 /* Release */ = {
			isa = XCBuildConfiguration;
			buildSettings = {
				BUNDLE_LOADER = "$(TEST_HOST)";
				FRAMEWORK_SEARCH_PATHS = (
					"$(SDKROOT)/Developer/Library/Frameworks",
					"$(inherited)",
				);
				INFOPLIST_FILE = First_SpriteKit_GameTests/Info.plist;
				LD_RUNPATH_SEARCH_PATHS = "$(inherited) @executable_path/Frameworks @loader_path/Frameworks";
				PRODUCT_NAME = "$(TARGET_NAME)";
				TEST_HOST = "$(BUILT_PRODUCTS_DIR)/First_SpriteKit_Game.app/First_SpriteKit_Game";
			};
			name = Release;
		};
/* End XCBuildConfiguration section */

/* Begin XCConfigurationList section */
		B00B8AC21B360A1B006DBF17 /* Build configuration list for PBXProject "First_SpriteKit_Game" */ = {
			isa = XCConfigurationList;
			buildConfigurations = (
				B00B8AE81B360A1C006DBF17 /* Debug */,
				B00B8AE91B360A1C006DBF17 /* Release */,
			);
			defaultConfigurationIsVisible = 0;
			defaultConfigurationName = Release;
		};
		B00B8AEA1B360A1C006DBF17 /* Build configuration list for PBXNativeTarget "First_SpriteKit_Game" */ = {
			isa = XCConfigurationList;
			buildConfigurations = (
				B00B8AEB1B360A1C006DBF17 /* Debug */,
				B00B8AEC1B360A1C006DBF17 /* Release */,
			);
			defaultConfigurationIsVisible = 0;
		};
		B00B8AED1B360A1C006DBF17 /* Build configuration list for PBXNativeTarget "First_SpriteKit_GameTests" */ = {
			isa = XCConfigurationList;
			buildConfigurations = (
				B00B8AEE1B360A1C006DBF17 /* Debug */,
				B00B8AEF1B360A1C006DBF17 /* Release */,
			);
			defaultConfigurationIsVisible = 0;
		};
/* End XCConfigurationList section */
	};
	rootObject = B00B8ABF1B360A1B006DBF17 /* Project object */;
}
